// !$*UTF8*$!
{
	archiveVersion = 1;
	classes = {
	};
	objectVersion = 48;
	objects = {

/* Begin PBXBuildFile section */
		149B5694204286840074285C /* HomeVC.swift in Sources */ = {isa = PBXBuildFile; fileRef = 149B5693204286840074285C /* HomeVC.swift */; };
		1ADAEFB920AF66F1CCF7ED62 /* Pods_FixedFitTests.framework in Frameworks */ = {isa = PBXBuildFile; fileRef = 73A673C48F25CC7F96D3DE6F /* Pods_FixedFitTests.framework */; };
		4D15C85F6F6A99AF9CFC9791 /* Pods_FixedFit.framework in Frameworks */ = {isa = PBXBuildFile; fileRef = B63E3078D420275BA4BF4F39 /* Pods_FixedFit.framework */; };
		5C5B4E472053A34100479FC9 /* EditorVC.swift in Sources */ = {isa = PBXBuildFile; fileRef = 5C5B4E462053A34100479FC9 /* EditorVC.swift */; };
		5C633467205858CC0035F00A /* SettingsVC.swift in Sources */ = {isa = PBXBuildFile; fileRef = 5C633466205858CC0035F00A /* SettingsVC.swift */; };
		CA14A14C205C61EE00A8F6AD /* Bundle+Extension.swift in Sources */ = {isa = PBXBuildFile; fileRef = CA14A14B205C61EE00A8F6AD /* Bundle+Extension.swift */; };
		CA18467D204BE5340091B568 /* WeatherService.swift in Sources */ = {isa = PBXBuildFile; fileRef = CA18467C204BE5340091B568 /* WeatherService.swift */; };
		CA1DA7592058D29E00DE3897 /* PhotoCell.swift in Sources */ = {isa = PBXBuildFile; fileRef = CA1DA7582058D29E00DE3897 /* PhotoCell.swift */; };
		CA1EAC8D204A0F0D00CBEB9F /* UserStuffManager.swift in Sources */ = {isa = PBXBuildFile; fileRef = CA1EAC8C204A0F0D00CBEB9F /* UserStuffManager.swift */; };
		CA1EAC8F204A140B00CBEB9F /* CategoryCell.swift in Sources */ = {isa = PBXBuildFile; fileRef = CA1EAC8E204A140B00CBEB9F /* CategoryCell.swift */; };
		CA2CABC1203D1B6400C62AE1 /* Home.storyboard in Resources */ = {isa = PBXBuildFile; fileRef = CA2CABC0203D1B6400C62AE1 /* Home.storyboard */; };
		CA2CABC3203D1B7200C62AE1 /* Closet.storyboard in Resources */ = {isa = PBXBuildFile; fileRef = CA2CABC2203D1B7200C62AE1 /* Closet.storyboard */; };
		CA2CABC5203D1B7E00C62AE1 /* AddPhotos.storyboard in Resources */ = {isa = PBXBuildFile; fileRef = CA2CABC4203D1B7E00C62AE1 /* AddPhotos.storyboard */; };
		CA2CABC7203D1B8E00C62AE1 /* Feed.storyboard in Resources */ = {isa = PBXBuildFile; fileRef = CA2CABC6203D1B8E00C62AE1 /* Feed.storyboard */; };
		CA2CABC9203D1B9D00C62AE1 /* Profile.storyboard in Resources */ = {isa = PBXBuildFile; fileRef = CA2CABC8203D1B9D00C62AE1 /* Profile.storyboard */; };
		CA2CABCB203D2A1000C62AE1 /* Authentication.storyboard in Resources */ = {isa = PBXBuildFile; fileRef = CA2CABCA203D2A1000C62AE1 /* Authentication.storyboard */; };
		CA2CABCD203D2AA800C62AE1 /* LoginVC.swift in Sources */ = {isa = PBXBuildFile; fileRef = CA2CABCC203D2AA800C62AE1 /* LoginVC.swift */; };
		CA2CABCF203D2B8F00C62AE1 /* FirebaseManager.swift in Sources */ = {isa = PBXBuildFile; fileRef = CA2CABCE203D2B8F00C62AE1 /* FirebaseManager.swift */; };
		CA2CABD1203D2C0100C62AE1 /* AuthErrorCode+Extension.swift in Sources */ = {isa = PBXBuildFile; fileRef = CA2CABD0203D2C0100C62AE1 /* AuthErrorCode+Extension.swift */; };
		CA2CABD5203D351600C62AE1 /* ProfileVC.swift in Sources */ = {isa = PBXBuildFile; fileRef = CA2CABD4203D351600C62AE1 /* ProfileVC.swift */; };
		CA2CABD9203D390200C62AE1 /* UIView+Extension.swift in Sources */ = {isa = PBXBuildFile; fileRef = CA2CABD8203D390200C62AE1 /* UIView+Extension.swift */; };
		CA2CABDB203D392700C62AE1 /* UIStoryboard+Extension.swift in Sources */ = {isa = PBXBuildFile; fileRef = CA2CABDA203D392700C62AE1 /* UIStoryboard+Extension.swift */; };
		CA2CABDD203D393C00C62AE1 /* NotificationName+Extension.swift in Sources */ = {isa = PBXBuildFile; fileRef = CA2CABDC203D393C00C62AE1 /* NotificationName+Extension.swift */; };
		CA4BD42E2049349F002405D8 /* AddPhotosVC.swift in Sources */ = {isa = PBXBuildFile; fileRef = CA4BD42D2049349F002405D8 /* AddPhotosVC.swift */; };
		CA4BD4302049E13B002405D8 /* ClosetVC.swift in Sources */ = {isa = PBXBuildFile; fileRef = CA4BD42F2049E13B002405D8 /* ClosetVC.swift */; };
		CA4BD4322049E44F002405D8 /* InformationVC.swift in Sources */ = {isa = PBXBuildFile; fileRef = CA4BD4312049E44F002405D8 /* InformationVC.swift */; };
		CA4BD4342049E494002405D8 /* InformationVC.xib in Resources */ = {isa = PBXBuildFile; fileRef = CA4BD4332049E494002405D8 /* InformationVC.xib */; };
		CA4BD4362049E813002405D8 /* AddCategory.storyboard in Resources */ = {isa = PBXBuildFile; fileRef = CA4BD4352049E813002405D8 /* AddCategory.storyboard */; };
		CA4BD43A2049EBD7002405D8 /* AddCategoryVC.swift in Sources */ = {isa = PBXBuildFile; fileRef = CA4BD4392049EBD7002405D8 /* AddCategoryVC.swift */; };
		CA669282203D0B0C000069B5 /* AppDelegate.swift in Sources */ = {isa = PBXBuildFile; fileRef = CA669281203D0B0C000069B5 /* AppDelegate.swift */; };
		CA669287203D0B0C000069B5 /* Main.storyboard in Resources */ = {isa = PBXBuildFile; fileRef = CA669285203D0B0C000069B5 /* Main.storyboard */; };
		CA66928A203D0B0C000069B5 /* FixedFit.xcdatamodeld in Sources */ = {isa = PBXBuildFile; fileRef = CA669288203D0B0C000069B5 /* FixedFit.xcdatamodeld */; };
		CA66928C203D0B0C000069B5 /* Assets.xcassets in Resources */ = {isa = PBXBuildFile; fileRef = CA66928B203D0B0C000069B5 /* Assets.xcassets */; };
		CA66928F203D0B0C000069B5 /* LaunchScreen.storyboard in Resources */ = {isa = PBXBuildFile; fileRef = CA66928D203D0B0C000069B5 /* LaunchScreen.storyboard */; };
		CA66929A203D0B0C000069B5 /* FixedFitTests.swift in Sources */ = {isa = PBXBuildFile; fileRef = CA669299203D0B0C000069B5 /* FixedFitTests.swift */; };
		CA843C4620602CCF005672D5 /* FiltersVC.swift in Sources */ = {isa = PBXBuildFile; fileRef = CA843C4520602CCF005672D5 /* FiltersVC.swift */; };
		CA843C4820602FE4005672D5 /* SubcategoryCell.swift in Sources */ = {isa = PBXBuildFile; fileRef = CA843C4720602FE4005672D5 /* SubcategoryCell.swift */; };
		CA8C48E6205B734F007A74F5 /* CategorySubcategoryStore.swift in Sources */ = {isa = PBXBuildFile; fileRef = CA8C48E5205B734F007A74F5 /* CategorySubcategoryStore.swift */; };
		CA8C48E8205BA67D007A74F5 /* SectionTitleCell.swift in Sources */ = {isa = PBXBuildFile; fileRef = CA8C48E7205BA67D007A74F5 /* SectionTitleCell.swift */; };
		CABA7927203F988600EABAA1 /* SignUpVC.swift in Sources */ = {isa = PBXBuildFile; fileRef = CABA7926203F988600EABAA1 /* SignUpVC.swift */; };
		CAD3C55D204B4EE600DE2911 /* ClosetCategoryCell.swift in Sources */ = {isa = PBXBuildFile; fileRef = CAD3C55C204B4EE600DE2911 /* ClosetCategoryCell.swift */; };
		CAD3C55F204B5D1600DE2911 /* AddCategoryCell.swift in Sources */ = {isa = PBXBuildFile; fileRef = CAD3C55E204B5D1600DE2911 /* AddCategoryCell.swift */; };
		CAD3C562204BC50300DE2911 /* UIColor+Extension.swift in Sources */ = {isa = PBXBuildFile; fileRef = CAD3C561204BC50300DE2911 /* UIColor+Extension.swift */; };
		CAED629E20533EE200181975 /* ItemsVC.swift in Sources */ = {isa = PBXBuildFile; fileRef = CAED629D20533EE200181975 /* ItemsVC.swift */; };
		CAF5F36220549ACA009D362B /* GoogleService-Info.plist in Resources */ = {isa = PBXBuildFile; fileRef = CAF5F36120549ACA009D362B /* GoogleService-Info.plist */; };
		CAFBF10D20572B9C007D425A /* Closet.swift in Sources */ = {isa = PBXBuildFile; fileRef = CAFBF10C20572B9C007D425A /* Closet.swift */; };
		CAFEE176205258D100701ED2 /* CalendarCell.swift in Sources */ = {isa = PBXBuildFile; fileRef = CAFEE175205258D100701ED2 /* CalendarCell.swift */; };
		CAFEE17820528B4500701ED2 /* UIImage+Extension.swift in Sources */ = {isa = PBXBuildFile; fileRef = CAFEE17720528B4500701ED2 /* UIImage+Extension.swift */; };
/* End PBXBuildFile section */

/* Begin PBXContainerItemProxy section */
		CA669296203D0B0C000069B5 /* PBXContainerItemProxy */ = {
			isa = PBXContainerItemProxy;
			containerPortal = CA669276203D0B0C000069B5 /* Project object */;
			proxyType = 1;
			remoteGlobalIDString = CA66927D203D0B0C000069B5;
			remoteInfo = FixedFit;
		};
/* End PBXContainerItemProxy section */

/* Begin PBXFileReference section */
		149B5693204286840074285C /* HomeVC.swift */ = {isa = PBXFileReference; lastKnownFileType = sourcecode.swift; path = HomeVC.swift; sourceTree = "<group>"; };
		5C5B4E462053A34100479FC9 /* EditorVC.swift */ = {isa = PBXFileReference; fileEncoding = 4; lastKnownFileType = sourcecode.swift; name = EditorVC.swift; path = FixedFit/Controller/EditorVC.swift; sourceTree = SOURCE_ROOT; };
		5C633466205858CC0035F00A /* SettingsVC.swift */ = {isa = PBXFileReference; lastKnownFileType = sourcecode.swift; path = SettingsVC.swift; sourceTree = "<group>"; };
		73A673C48F25CC7F96D3DE6F /* Pods_FixedFitTests.framework */ = {isa = PBXFileReference; explicitFileType = wrapper.framework; includeInIndex = 0; path = Pods_FixedFitTests.framework; sourceTree = BUILT_PRODUCTS_DIR; };
		7C2DCC6D9D821E733876CA8D /* Pods-FixedFit.release.xcconfig */ = {isa = PBXFileReference; includeInIndex = 1; lastKnownFileType = text.xcconfig; name = "Pods-FixedFit.release.xcconfig"; path = "Pods/Target Support Files/Pods-FixedFit/Pods-FixedFit.release.xcconfig"; sourceTree = "<group>"; };
		A255FB8D04BF3676A516BF21 /* Pods-FixedFitTests.debug.xcconfig */ = {isa = PBXFileReference; includeInIndex = 1; lastKnownFileType = text.xcconfig; name = "Pods-FixedFitTests.debug.xcconfig"; path = "Pods/Target Support Files/Pods-FixedFitTests/Pods-FixedFitTests.debug.xcconfig"; sourceTree = "<group>"; };
		B1E4887A8F885FB46347B3B6 /* Pods-FixedFit.debug.xcconfig */ = {isa = PBXFileReference; includeInIndex = 1; lastKnownFileType = text.xcconfig; name = "Pods-FixedFit.debug.xcconfig"; path = "Pods/Target Support Files/Pods-FixedFit/Pods-FixedFit.debug.xcconfig"; sourceTree = "<group>"; };
		B63E3078D420275BA4BF4F39 /* Pods_FixedFit.framework */ = {isa = PBXFileReference; explicitFileType = wrapper.framework; includeInIndex = 0; path = Pods_FixedFit.framework; sourceTree = BUILT_PRODUCTS_DIR; };
		CA14A14B205C61EE00A8F6AD /* Bundle+Extension.swift */ = {isa = PBXFileReference; lastKnownFileType = sourcecode.swift; path = "Bundle+Extension.swift"; sourceTree = "<group>"; };
		CA18467C204BE5340091B568 /* WeatherService.swift */ = {isa = PBXFileReference; lastKnownFileType = sourcecode.swift; path = WeatherService.swift; sourceTree = "<group>"; };
		CA1DA7582058D29E00DE3897 /* PhotoCell.swift */ = {isa = PBXFileReference; lastKnownFileType = sourcecode.swift; path = PhotoCell.swift; sourceTree = "<group>"; };
		CA1EAC8C204A0F0D00CBEB9F /* UserStuffManager.swift */ = {isa = PBXFileReference; lastKnownFileType = sourcecode.swift; path = UserStuffManager.swift; sourceTree = "<group>"; };
		CA1EAC8E204A140B00CBEB9F /* CategoryCell.swift */ = {isa = PBXFileReference; lastKnownFileType = sourcecode.swift; path = CategoryCell.swift; sourceTree = "<group>"; };
		CA2CABC0203D1B6400C62AE1 /* Home.storyboard */ = {isa = PBXFileReference; fileEncoding = 4; lastKnownFileType = file.storyboard; path = Home.storyboard; sourceTree = "<group>"; };
		CA2CABC2203D1B7200C62AE1 /* Closet.storyboard */ = {isa = PBXFileReference; lastKnownFileType = file.storyboard; path = Closet.storyboard; sourceTree = "<group>"; };
		CA2CABC4203D1B7E00C62AE1 /* AddPhotos.storyboard */ = {isa = PBXFileReference; lastKnownFileType = file.storyboard; path = AddPhotos.storyboard; sourceTree = "<group>"; };
		CA2CABC6203D1B8E00C62AE1 /* Feed.storyboard */ = {isa = PBXFileReference; lastKnownFileType = file.storyboard; path = Feed.storyboard; sourceTree = "<group>"; };
		CA2CABC8203D1B9D00C62AE1 /* Profile.storyboard */ = {isa = PBXFileReference; lastKnownFileType = file.storyboard; path = Profile.storyboard; sourceTree = "<group>"; };
		CA2CABCA203D2A1000C62AE1 /* Authentication.storyboard */ = {isa = PBXFileReference; lastKnownFileType = file.storyboard; path = Authentication.storyboard; sourceTree = "<group>"; };
		CA2CABCC203D2AA800C62AE1 /* LoginVC.swift */ = {isa = PBXFileReference; fileEncoding = 4; lastKnownFileType = sourcecode.swift; path = LoginVC.swift; sourceTree = "<group>"; };
		CA2CABCE203D2B8F00C62AE1 /* FirebaseManager.swift */ = {isa = PBXFileReference; fileEncoding = 4; lastKnownFileType = sourcecode.swift; path = FirebaseManager.swift; sourceTree = "<group>"; };
		CA2CABD0203D2C0100C62AE1 /* AuthErrorCode+Extension.swift */ = {isa = PBXFileReference; fileEncoding = 4; lastKnownFileType = sourcecode.swift; path = "AuthErrorCode+Extension.swift"; sourceTree = "<group>"; };
		CA2CABD4203D351600C62AE1 /* ProfileVC.swift */ = {isa = PBXFileReference; lastKnownFileType = sourcecode.swift; path = ProfileVC.swift; sourceTree = "<group>"; };
		CA2CABD8203D390200C62AE1 /* UIView+Extension.swift */ = {isa = PBXFileReference; lastKnownFileType = sourcecode.swift; path = "UIView+Extension.swift"; sourceTree = "<group>"; };
		CA2CABDA203D392700C62AE1 /* UIStoryboard+Extension.swift */ = {isa = PBXFileReference; lastKnownFileType = sourcecode.swift; path = "UIStoryboard+Extension.swift"; sourceTree = "<group>"; };
		CA2CABDC203D393C00C62AE1 /* NotificationName+Extension.swift */ = {isa = PBXFileReference; lastKnownFileType = sourcecode.swift; path = "NotificationName+Extension.swift"; sourceTree = "<group>"; };
		CA4BD42D2049349F002405D8 /* AddPhotosVC.swift */ = {isa = PBXFileReference; lastKnownFileType = sourcecode.swift; path = AddPhotosVC.swift; sourceTree = "<group>"; };
		CA4BD42F2049E13B002405D8 /* ClosetVC.swift */ = {isa = PBXFileReference; lastKnownFileType = sourcecode.swift; path = ClosetVC.swift; sourceTree = "<group>"; };
		CA4BD4312049E44F002405D8 /* InformationVC.swift */ = {isa = PBXFileReference; fileEncoding = 4; lastKnownFileType = sourcecode.swift; path = InformationVC.swift; sourceTree = "<group>"; };
		CA4BD4332049E494002405D8 /* InformationVC.xib */ = {isa = PBXFileReference; fileEncoding = 4; lastKnownFileType = file.xib; path = InformationVC.xib; sourceTree = "<group>"; };
		CA4BD4352049E813002405D8 /* AddCategory.storyboard */ = {isa = PBXFileReference; lastKnownFileType = file.storyboard; path = AddCategory.storyboard; sourceTree = "<group>"; };
		CA4BD4392049EBD7002405D8 /* AddCategoryVC.swift */ = {isa = PBXFileReference; lastKnownFileType = sourcecode.swift; path = AddCategoryVC.swift; sourceTree = "<group>"; };
		CA66927E203D0B0C000069B5 /* FixedFit.app */ = {isa = PBXFileReference; explicitFileType = wrapper.application; includeInIndex = 0; path = FixedFit.app; sourceTree = BUILT_PRODUCTS_DIR; };
		CA669281203D0B0C000069B5 /* AppDelegate.swift */ = {isa = PBXFileReference; lastKnownFileType = sourcecode.swift; path = AppDelegate.swift; sourceTree = "<group>"; };
		CA669286203D0B0C000069B5 /* Base */ = {isa = PBXFileReference; lastKnownFileType = file.storyboard; name = Base; path = Base.lproj/Main.storyboard; sourceTree = "<group>"; };
		CA669289203D0B0C000069B5 /* FixedFit.xcdatamodel */ = {isa = PBXFileReference; lastKnownFileType = wrapper.xcdatamodel; path = FixedFit.xcdatamodel; sourceTree = "<group>"; };
		CA66928B203D0B0C000069B5 /* Assets.xcassets */ = {isa = PBXFileReference; lastKnownFileType = folder.assetcatalog; path = Assets.xcassets; sourceTree = "<group>"; };
		CA66928E203D0B0C000069B5 /* Base */ = {isa = PBXFileReference; lastKnownFileType = file.storyboard; name = Base; path = Base.lproj/LaunchScreen.storyboard; sourceTree = "<group>"; };
		CA669290203D0B0C000069B5 /* Info.plist */ = {isa = PBXFileReference; lastKnownFileType = text.plist.xml; path = Info.plist; sourceTree = "<group>"; };
		CA669295203D0B0C000069B5 /* FixedFitTests.xctest */ = {isa = PBXFileReference; explicitFileType = wrapper.cfbundle; includeInIndex = 0; path = FixedFitTests.xctest; sourceTree = BUILT_PRODUCTS_DIR; };
		CA669299203D0B0C000069B5 /* FixedFitTests.swift */ = {isa = PBXFileReference; lastKnownFileType = sourcecode.swift; path = FixedFitTests.swift; sourceTree = "<group>"; };
		CA66929B203D0B0C000069B5 /* Info.plist */ = {isa = PBXFileReference; lastKnownFileType = text.plist.xml; path = Info.plist; sourceTree = "<group>"; };
		CA843C4520602CCF005672D5 /* FiltersVC.swift */ = {isa = PBXFileReference; lastKnownFileType = sourcecode.swift; path = FiltersVC.swift; sourceTree = "<group>"; };
		CA843C4720602FE4005672D5 /* SubcategoryCell.swift */ = {isa = PBXFileReference; lastKnownFileType = sourcecode.swift; path = SubcategoryCell.swift; sourceTree = "<group>"; };
		CA8C48E5205B734F007A74F5 /* CategorySubcategoryStore.swift */ = {isa = PBXFileReference; lastKnownFileType = sourcecode.swift; path = CategorySubcategoryStore.swift; sourceTree = "<group>"; };
		CA8C48E7205BA67D007A74F5 /* SectionTitleCell.swift */ = {isa = PBXFileReference; lastKnownFileType = sourcecode.swift; path = SectionTitleCell.swift; sourceTree = "<group>"; };
		CABA7926203F988600EABAA1 /* SignUpVC.swift */ = {isa = PBXFileReference; lastKnownFileType = sourcecode.swift; path = SignUpVC.swift; sourceTree = "<group>"; };
		CAD3C55C204B4EE600DE2911 /* ClosetCategoryCell.swift */ = {isa = PBXFileReference; lastKnownFileType = sourcecode.swift; path = ClosetCategoryCell.swift; sourceTree = "<group>"; };
		CAD3C55E204B5D1600DE2911 /* AddCategoryCell.swift */ = {isa = PBXFileReference; lastKnownFileType = sourcecode.swift; path = AddCategoryCell.swift; sourceTree = "<group>"; };
		CAD3C561204BC50300DE2911 /* UIColor+Extension.swift */ = {isa = PBXFileReference; lastKnownFileType = sourcecode.swift; path = "UIColor+Extension.swift"; sourceTree = "<group>"; };
		CAED629D20533EE200181975 /* ItemsVC.swift */ = {isa = PBXFileReference; lastKnownFileType = sourcecode.swift; path = ItemsVC.swift; sourceTree = "<group>"; };
		CAF5F36120549ACA009D362B /* GoogleService-Info.plist */ = {isa = PBXFileReference; fileEncoding = 4; lastKnownFileType = text.plist.xml; path = "GoogleService-Info.plist"; sourceTree = "<group>"; };
		CAFBF10C20572B9C007D425A /* Closet.swift */ = {isa = PBXFileReference; lastKnownFileType = sourcecode.swift; path = Closet.swift; sourceTree = "<group>"; };
		CAFEE175205258D100701ED2 /* CalendarCell.swift */ = {isa = PBXFileReference; fileEncoding = 4; lastKnownFileType = sourcecode.swift; path = CalendarCell.swift; sourceTree = "<group>"; };
		CAFEE17720528B4500701ED2 /* UIImage+Extension.swift */ = {isa = PBXFileReference; lastKnownFileType = sourcecode.swift; path = "UIImage+Extension.swift"; sourceTree = "<group>"; };
		F28EA6771080022F180D3C4F /* Pods-FixedFitTests.release.xcconfig */ = {isa = PBXFileReference; includeInIndex = 1; lastKnownFileType = text.xcconfig; name = "Pods-FixedFitTests.release.xcconfig"; path = "Pods/Target Support Files/Pods-FixedFitTests/Pods-FixedFitTests.release.xcconfig"; sourceTree = "<group>"; };
/* End PBXFileReference section */

/* Begin PBXFrameworksBuildPhase section */
		CA66927B203D0B0C000069B5 /* Frameworks */ = {
			isa = PBXFrameworksBuildPhase;
			buildActionMask = 2147483647;
			files = (
				4D15C85F6F6A99AF9CFC9791 /* Pods_FixedFit.framework in Frameworks */,
			);
			runOnlyForDeploymentPostprocessing = 0;
		};
		CA669292203D0B0C000069B5 /* Frameworks */ = {
			isa = PBXFrameworksBuildPhase;
			buildActionMask = 2147483647;
			files = (
				1ADAEFB920AF66F1CCF7ED62 /* Pods_FixedFitTests.framework in Frameworks */,
			);
			runOnlyForDeploymentPostprocessing = 0;
		};
/* End PBXFrameworksBuildPhase section */

/* Begin PBXGroup section */
		5E6EC5483B0E5B18DB5D9F8E /* Frameworks */ = {
			isa = PBXGroup;
			children = (
				B63E3078D420275BA4BF4F39 /* Pods_FixedFit.framework */,
				73A673C48F25CC7F96D3DE6F /* Pods_FixedFitTests.framework */,
			);
			name = Frameworks;
			sourceTree = "<group>";
		};
		7B42BAE53E24954EED2013C0 /* Pods */ = {
			isa = PBXGroup;
			children = (
				B1E4887A8F885FB46347B3B6 /* Pods-FixedFit.debug.xcconfig */,
				7C2DCC6D9D821E733876CA8D /* Pods-FixedFit.release.xcconfig */,
				A255FB8D04BF3676A516BF21 /* Pods-FixedFitTests.debug.xcconfig */,
				F28EA6771080022F180D3C4F /* Pods-FixedFitTests.release.xcconfig */,
			);
			name = Pods;
			sourceTree = "<group>";
		};
		CA2CABBF203D1B6400C62AE1 /* View */ = {
			isa = PBXGroup;
			children = (
				CA2CABC0203D1B6400C62AE1 /* Home.storyboard */,
				CA2CABC2203D1B7200C62AE1 /* Closet.storyboard */,
				CA4BD4352049E813002405D8 /* AddCategory.storyboard */,
				CA2CABC4203D1B7E00C62AE1 /* AddPhotos.storyboard */,
				CA2CABC6203D1B8E00C62AE1 /* Feed.storyboard */,
				CA2CABC8203D1B9D00C62AE1 /* Profile.storyboard */,
				CA4BD4332049E494002405D8 /* InformationVC.xib */,
			);
			path = View;
			sourceTree = "<group>";
		};
		CA2CABD6203D38CC00C62AE1 /* Model */ = {
			isa = PBXGroup;
			children = (
				CAFBF10C20572B9C007D425A /* Closet.swift */,
				CA8C48E5205B734F007A74F5 /* CategorySubcategoryStore.swift */,
				CA1EAC8C204A0F0D00CBEB9F /* UserStuffManager.swift */,
				CA2CABCE203D2B8F00C62AE1 /* FirebaseManager.swift */,
				CA18467C204BE5340091B568 /* WeatherService.swift */,
				CAD3C560204BC4B000DE2911 /* View Related */,
				CA2CABD7203D38D800C62AE1 /* Extensions */,
			);
			path = Model;
			sourceTree = "<group>";
		};
		CA2CABD7203D38D800C62AE1 /* Extensions */ = {
			isa = PBXGroup;
			children = (
				CA2CABD0203D2C0100C62AE1 /* AuthErrorCode+Extension.swift */,
				CA2CABD8203D390200C62AE1 /* UIView+Extension.swift */,
				CAFEE17720528B4500701ED2 /* UIImage+Extension.swift */,
				CA2CABDA203D392700C62AE1 /* UIStoryboard+Extension.swift */,
				CA2CABDC203D393C00C62AE1 /* NotificationName+Extension.swift */,
				CAD3C561204BC50300DE2911 /* UIColor+Extension.swift */,
				CA14A14B205C61EE00A8F6AD /* Bundle+Extension.swift */,
			);
			path = Extensions;
			sourceTree = "<group>";
		};
		CA4BD43B2049FBA4002405D8 /* Authentication */ = {
			isa = PBXGroup;
			children = (
				CA2CABCC203D2AA800C62AE1 /* LoginVC.swift */,
				CABA7926203F988600EABAA1 /* SignUpVC.swift */,
			);
			path = Authentication;
			sourceTree = "<group>";
		};
		CA669275203D0B0C000069B5 = {
			isa = PBXGroup;
			children = (
				CA669280203D0B0C000069B5 /* FixedFit */,
				CA669298203D0B0C000069B5 /* FixedFitTests */,
				CA66927F203D0B0C000069B5 /* Products */,
				7B42BAE53E24954EED2013C0 /* Pods */,
				5E6EC5483B0E5B18DB5D9F8E /* Frameworks */,
			);
			sourceTree = "<group>";
		};
		CA66927F203D0B0C000069B5 /* Products */ = {
			isa = PBXGroup;
			children = (
				CA66927E203D0B0C000069B5 /* FixedFit.app */,
				CA669295203D0B0C000069B5 /* FixedFitTests.xctest */,
			);
			name = Products;
			sourceTree = "<group>";
		};
		CA669280203D0B0C000069B5 /* FixedFit */ = {
			isa = PBXGroup;
			children = (
				CA669281203D0B0C000069B5 /* AppDelegate.swift */,
				CA2CABD6203D38CC00C62AE1 /* Model */,
				CA6692A5203D0CA2000069B5 /* Controller */,
				CA2CABBF203D1B6400C62AE1 /* View */,
				CA2CABCA203D2A1000C62AE1 /* Authentication.storyboard */,
				CA669285203D0B0C000069B5 /* Main.storyboard */,
				CA66928D203D0B0C000069B5 /* LaunchScreen.storyboard */,
				CA6692A4203D0BE8000069B5 /* Supporting Files */,
			);
			path = FixedFit;
			sourceTree = "<group>";
		};
		CA669298203D0B0C000069B5 /* FixedFitTests */ = {
			isa = PBXGroup;
			children = (
				CA669299203D0B0C000069B5 /* FixedFitTests.swift */,
				CA66929B203D0B0C000069B5 /* Info.plist */,
			);
			path = FixedFitTests;
			sourceTree = "<group>";
		};
		CA6692A4203D0BE8000069B5 /* Supporting Files */ = {
			isa = PBXGroup;
			children = (
				CA66928B203D0B0C000069B5 /* Assets.xcassets */,
				CA669290203D0B0C000069B5 /* Info.plist */,
				CAF5F36120549ACA009D362B /* GoogleService-Info.plist */,
				CA669288203D0B0C000069B5 /* FixedFit.xcdatamodeld */,
			);
			path = "Supporting Files";
			sourceTree = "<group>";
		};
		CA6692A5203D0CA2000069B5 /* Controller */ = {
			isa = PBXGroup;
			children = (
				CA4BD43B2049FBA4002405D8 /* Authentication */,
				149B5693204286840074285C /* HomeVC.swift */,
				5C633466205858CC0035F00A /* SettingsVC.swift */,
				CA4BD42F2049E13B002405D8 /* ClosetVC.swift */,
				CAED629D20533EE200181975 /* ItemsVC.swift */,
				CA4BD42D2049349F002405D8 /* AddPhotosVC.swift */,
				5C5B4E462053A34100479FC9 /* EditorVC.swift */,
				CA4BD4392049EBD7002405D8 /* AddCategoryVC.swift */,
				CA2CABD4203D351600C62AE1 /* ProfileVC.swift */,
				CA4BD4312049E44F002405D8 /* InformationVC.swift */,
				CA843C4520602CCF005672D5 /* FiltersVC.swift */,
			);
			path = Controller;
			sourceTree = "<group>";
		};
		CAD3C560204BC4B000DE2911 /* View Related */ = {
			isa = PBXGroup;
			children = (
				CAFEE175205258D100701ED2 /* CalendarCell.swift */,
				CAD3C55C204B4EE600DE2911 /* ClosetCategoryCell.swift */,
				CA8C48E7205BA67D007A74F5 /* SectionTitleCell.swift */,
				CA1EAC8E204A140B00CBEB9F /* CategoryCell.swift */,
				CAD3C55E204B5D1600DE2911 /* AddCategoryCell.swift */,
				CA1DA7582058D29E00DE3897 /* PhotoCell.swift */,
				CA843C4720602FE4005672D5 /* SubcategoryCell.swift */,
			);
			path = "View Related";
			sourceTree = "<group>";
		};
/* End PBXGroup section */

/* Begin PBXNativeTarget section */
		CA66927D203D0B0C000069B5 /* FixedFit */ = {
			isa = PBXNativeTarget;
			buildConfigurationList = CA66929E203D0B0C000069B5 /* Build configuration list for PBXNativeTarget "FixedFit" */;
			buildPhases = (
				0967E4BD80BB659F3973E8C2 /* [CP] Check Pods Manifest.lock */,
				CA66927A203D0B0C000069B5 /* Sources */,
				CA66927B203D0B0C000069B5 /* Frameworks */,
				CA66927C203D0B0C000069B5 /* Resources */,
				72B9AD7C932287D8DEDF420A /* [CP] Embed Pods Frameworks */,
				74CC3D5F8778AE5B463FB486 /* [CP] Copy Pods Resources */,
			);
			buildRules = (
			);
			dependencies = (
			);
			name = FixedFit;
			productName = FixedFit;
			productReference = CA66927E203D0B0C000069B5 /* FixedFit.app */;
			productType = "com.apple.product-type.application";
		};
		CA669294203D0B0C000069B5 /* FixedFitTests */ = {
			isa = PBXNativeTarget;
			buildConfigurationList = CA6692A1203D0B0C000069B5 /* Build configuration list for PBXNativeTarget "FixedFitTests" */;
			buildPhases = (
				4A26986FEA32E8BA498CC4F4 /* [CP] Check Pods Manifest.lock */,
				CA669291203D0B0C000069B5 /* Sources */,
				CA669292203D0B0C000069B5 /* Frameworks */,
				CA669293203D0B0C000069B5 /* Resources */,
				5E9782AD796D1A2EC6AED2AA /* [CP] Embed Pods Frameworks */,
				D5961F02E3CD343712D6B1A0 /* [CP] Copy Pods Resources */,
			);
			buildRules = (
			);
			dependencies = (
				CA669297203D0B0C000069B5 /* PBXTargetDependency */,
			);
			name = FixedFitTests;
			productName = FixedFitTests;
			productReference = CA669295203D0B0C000069B5 /* FixedFitTests.xctest */;
			productType = "com.apple.product-type.bundle.unit-test";
		};
/* End PBXNativeTarget section */

/* Begin PBXProject section */
		CA669276203D0B0C000069B5 /* Project object */ = {
			isa = PBXProject;
			attributes = {
				LastSwiftUpdateCheck = 0920;
				LastUpgradeCheck = 0920;
				ORGANIZATIONNAME = UNLV;
				TargetAttributes = {
					CA66927D203D0B0C000069B5 = {
						CreatedOnToolsVersion = 9.2;
						ProvisioningStyle = Automatic;
					};
					CA669294203D0B0C000069B5 = {
						CreatedOnToolsVersion = 9.2;
						ProvisioningStyle = Automatic;
						TestTargetID = CA66927D203D0B0C000069B5;
					};
				};
			};
			buildConfigurationList = CA669279203D0B0C000069B5 /* Build configuration list for PBXProject "FixedFit" */;
			compatibilityVersion = "Xcode 8.0";
			developmentRegion = en;
			hasScannedForEncodings = 0;
			knownRegions = (
				en,
				Base,
			);
			mainGroup = CA669275203D0B0C000069B5;
			productRefGroup = CA66927F203D0B0C000069B5 /* Products */;
			projectDirPath = "";
			projectRoot = "";
			targets = (
				CA66927D203D0B0C000069B5 /* FixedFit */,
				CA669294203D0B0C000069B5 /* FixedFitTests */,
			);
		};
/* End PBXProject section */

/* Begin PBXResourcesBuildPhase section */
		CA66927C203D0B0C000069B5 /* Resources */ = {
			isa = PBXResourcesBuildPhase;
			buildActionMask = 2147483647;
			files = (
				CA66928F203D0B0C000069B5 /* LaunchScreen.storyboard in Resources */,
				CA4BD4362049E813002405D8 /* AddCategory.storyboard in Resources */,
				CA66928C203D0B0C000069B5 /* Assets.xcassets in Resources */,
				CA2CABC9203D1B9D00C62AE1 /* Profile.storyboard in Resources */,
				CA4BD4342049E494002405D8 /* InformationVC.xib in Resources */,
				CAF5F36220549ACA009D362B /* GoogleService-Info.plist in Resources */,
				CA669287203D0B0C000069B5 /* Main.storyboard in Resources */,
				CA2CABC1203D1B6400C62AE1 /* Home.storyboard in Resources */,
				CA2CABC7203D1B8E00C62AE1 /* Feed.storyboard in Resources */,
				CA2CABCB203D2A1000C62AE1 /* Authentication.storyboard in Resources */,
				CA2CABC5203D1B7E00C62AE1 /* AddPhotos.storyboard in Resources */,
				CA2CABC3203D1B7200C62AE1 /* Closet.storyboard in Resources */,
			);
			runOnlyForDeploymentPostprocessing = 0;
		};
		CA669293203D0B0C000069B5 /* Resources */ = {
			isa = PBXResourcesBuildPhase;
			buildActionMask = 2147483647;
			files = (
			);
			runOnlyForDeploymentPostprocessing = 0;
		};
/* End PBXResourcesBuildPhase section */

/* Begin PBXShellScriptBuildPhase section */
		0967E4BD80BB659F3973E8C2 /* [CP] Check Pods Manifest.lock */ = {
			isa = PBXShellScriptBuildPhase;
			buildActionMask = 2147483647;
			files = (
			);
			inputPaths = (
			);
			name = "[CP] Check Pods Manifest.lock";
			outputPaths = (
			);
			runOnlyForDeploymentPostprocessing = 0;
			shellPath = /bin/sh;
			shellScript = "diff \"${PODS_PODFILE_DIR_PATH}/Podfile.lock\" \"${PODS_ROOT}/Manifest.lock\" > /dev/null\nif [ $? != 0 ] ; then\n    # print error to STDERR\n    echo \"error: The sandbox is not in sync with the Podfile.lock. Run 'pod install' or update your CocoaPods installation.\" >&2\n    exit 1\nfi\n";
			showEnvVarsInLog = 0;
		};
		4A26986FEA32E8BA498CC4F4 /* [CP] Check Pods Manifest.lock */ = {
			isa = PBXShellScriptBuildPhase;
			buildActionMask = 2147483647;
			files = (
			);
			inputPaths = (
			);
			name = "[CP] Check Pods Manifest.lock";
			outputPaths = (
			);
			runOnlyForDeploymentPostprocessing = 0;
			shellPath = /bin/sh;
			shellScript = "diff \"${PODS_PODFILE_DIR_PATH}/Podfile.lock\" \"${PODS_ROOT}/Manifest.lock\" > /dev/null\nif [ $? != 0 ] ; then\n    # print error to STDERR\n    echo \"error: The sandbox is not in sync with the Podfile.lock. Run 'pod install' or update your CocoaPods installation.\" >&2\n    exit 1\nfi\n";
			showEnvVarsInLog = 0;
		};
		5E9782AD796D1A2EC6AED2AA /* [CP] Embed Pods Frameworks */ = {
			isa = PBXShellScriptBuildPhase;
			buildActionMask = 2147483647;
			files = (
			);
			inputPaths = (
			);
			name = "[CP] Embed Pods Frameworks";
			outputPaths = (
			);
			runOnlyForDeploymentPostprocessing = 0;
			shellPath = /bin/sh;
			shellScript = "\"${SRCROOT}/Pods/Target Support Files/Pods-FixedFitTests/Pods-FixedFitTests-frameworks.sh\"\n";
			showEnvVarsInLog = 0;
		};
		72B9AD7C932287D8DEDF420A /* [CP] Embed Pods Frameworks */ = {
			isa = PBXShellScriptBuildPhase;
			buildActionMask = 2147483647;
			files = (
			);
			inputPaths = (
			);
			name = "[CP] Embed Pods Frameworks";
			outputPaths = (
			);
			runOnlyForDeploymentPostprocessing = 0;
			shellPath = /bin/sh;
			shellScript = "\"${SRCROOT}/Pods/Target Support Files/Pods-FixedFit/Pods-FixedFit-frameworks.sh\"\n";
			showEnvVarsInLog = 0;
		};
		74CC3D5F8778AE5B463FB486 /* [CP] Copy Pods Resources */ = {
			isa = PBXShellScriptBuildPhase;
			buildActionMask = 2147483647;
			files = (
			);
			inputPaths = (
			);
			name = "[CP] Copy Pods Resources";
			outputPaths = (
			);
			runOnlyForDeploymentPostprocessing = 0;
			shellPath = /bin/sh;
			shellScript = "\"${SRCROOT}/Pods/Target Support Files/Pods-FixedFit/Pods-FixedFit-resources.sh\"\n";
			showEnvVarsInLog = 0;
		};
		D5961F02E3CD343712D6B1A0 /* [CP] Copy Pods Resources */ = {
			isa = PBXShellScriptBuildPhase;
			buildActionMask = 2147483647;
			files = (
			);
			inputPaths = (
			);
			name = "[CP] Copy Pods Resources";
			outputPaths = (
			);
			runOnlyForDeploymentPostprocessing = 0;
			shellPath = /bin/sh;
			shellScript = "\"${SRCROOT}/Pods/Target Support Files/Pods-FixedFitTests/Pods-FixedFitTests-resources.sh\"\n";
			showEnvVarsInLog = 0;
		};
/* End PBXShellScriptBuildPhase section */

/* Begin PBXSourcesBuildPhase section */
		CA66927A203D0B0C000069B5 /* Sources */ = {
			isa = PBXSourcesBuildPhase;
			buildActionMask = 2147483647;
			files = (
				CAFEE176205258D100701ED2 /* CalendarCell.swift in Sources */,
				CAD3C562204BC50300DE2911 /* UIColor+Extension.swift in Sources */,
				CAD3C55F204B5D1600DE2911 /* AddCategoryCell.swift in Sources */,
				CAFEE17820528B4500701ED2 /* UIImage+Extension.swift in Sources */,
				CA8C48E6205B734F007A74F5 /* CategorySubcategoryStore.swift in Sources */,
				CA18467D204BE5340091B568 /* WeatherService.swift in Sources */,
				CAD3C55D204B4EE600DE2911 /* ClosetCategoryCell.swift in Sources */,
				CA4BD42E2049349F002405D8 /* AddPhotosVC.swift in Sources */,
				CA8C48E8205BA67D007A74F5 /* SectionTitleCell.swift in Sources */,
				CA2CABD5203D351600C62AE1 /* ProfileVC.swift in Sources */,
				CAED629E20533EE200181975 /* ItemsVC.swift in Sources */,
				CA2CABD9203D390200C62AE1 /* UIView+Extension.swift in Sources */,
				CA2CABCF203D2B8F00C62AE1 /* FirebaseManager.swift in Sources */,
				5C633467205858CC0035F00A /* SettingsVC.swift in Sources */,
				CA669282203D0B0C000069B5 /* AppDelegate.swift in Sources */,
				CA4BD4322049E44F002405D8 /* InformationVC.swift in Sources */,
				CA843C4820602FE4005672D5 /* SubcategoryCell.swift in Sources */,
				CAFBF10D20572B9C007D425A /* Closet.swift in Sources */,
				CA66928A203D0B0C000069B5 /* FixedFit.xcdatamodeld in Sources */,
				CA14A14C205C61EE00A8F6AD /* Bundle+Extension.swift in Sources */,
				CA4BD4302049E13B002405D8 /* ClosetVC.swift in Sources */,
				CA2CABDD203D393C00C62AE1 /* NotificationName+Extension.swift in Sources */,
				CA2CABD1203D2C0100C62AE1 /* AuthErrorCode+Extension.swift in Sources */,
				CA4BD43A2049EBD7002405D8 /* AddCategoryVC.swift in Sources */,
				5C5B4E472053A34100479FC9 /* EditorVC.swift in Sources */,
				CA1EAC8D204A0F0D00CBEB9F /* UserStuffManager.swift in Sources */,
				CA2CABDB203D392700C62AE1 /* UIStoryboard+Extension.swift in Sources */,
				CA1EAC8F204A140B00CBEB9F /* CategoryCell.swift in Sources */,
				CABA7927203F988600EABAA1 /* SignUpVC.swift in Sources */,
				149B5694204286840074285C /* HomeVC.swift in Sources */,
				CA1DA7592058D29E00DE3897 /* PhotoCell.swift in Sources */,
				CA843C4620602CCF005672D5 /* FiltersVC.swift in Sources */,
				CA2CABCD203D2AA800C62AE1 /* LoginVC.swift in Sources */,
			);
			runOnlyForDeploymentPostprocessing = 0;
		};
		CA669291203D0B0C000069B5 /* Sources */ = {
			isa = PBXSourcesBuildPhase;
			buildActionMask = 2147483647;
			files = (
				CA66929A203D0B0C000069B5 /* FixedFitTests.swift in Sources */,
			);
			runOnlyForDeploymentPostprocessing = 0;
		};
/* End PBXSourcesBuildPhase section */

/* Begin PBXTargetDependency section */
		CA669297203D0B0C000069B5 /* PBXTargetDependency */ = {
			isa = PBXTargetDependency;
			target = CA66927D203D0B0C000069B5 /* FixedFit */;
			targetProxy = CA669296203D0B0C000069B5 /* PBXContainerItemProxy */;
		};
/* End PBXTargetDependency section */

/* Begin PBXVariantGroup section */
		CA669285203D0B0C000069B5 /* Main.storyboard */ = {
			isa = PBXVariantGroup;
			children = (
				CA669286203D0B0C000069B5 /* Base */,
			);
			name = Main.storyboard;
			sourceTree = "<group>";
		};
		CA66928D203D0B0C000069B5 /* LaunchScreen.storyboard */ = {
			isa = PBXVariantGroup;
			children = (
				CA66928E203D0B0C000069B5 /* Base */,
			);
			name = LaunchScreen.storyboard;
			sourceTree = "<group>";
		};
/* End PBXVariantGroup section */

/* Begin XCBuildConfiguration section */
		CA66929C203D0B0C000069B5 /* Debug */ = {
			isa = XCBuildConfiguration;
			buildSettings = {
				ALWAYS_SEARCH_USER_PATHS = NO;
				CLANG_ANALYZER_NONNULL = YES;
				CLANG_ANALYZER_NUMBER_OBJECT_CONVERSION = YES_AGGRESSIVE;
				CLANG_CXX_LANGUAGE_STANDARD = "gnu++14";
				CLANG_CXX_LIBRARY = "libc++";
				CLANG_ENABLE_MODULES = YES;
				CLANG_ENABLE_OBJC_ARC = YES;
				CLANG_WARN_BLOCK_CAPTURE_AUTORELEASING = YES;
				CLANG_WARN_BOOL_CONVERSION = YES;
				CLANG_WARN_COMMA = YES;
				CLANG_WARN_CONSTANT_CONVERSION = YES;
				CLANG_WARN_DIRECT_OBJC_ISA_USAGE = YES_ERROR;
				CLANG_WARN_DOCUMENTATION_COMMENTS = YES;
				CLANG_WARN_EMPTY_BODY = YES;
				CLANG_WARN_ENUM_CONVERSION = YES;
				CLANG_WARN_INFINITE_RECURSION = YES;
				CLANG_WARN_INT_CONVERSION = YES;
				CLANG_WARN_NON_LITERAL_NULL_CONVERSION = YES;
				CLANG_WARN_OBJC_LITERAL_CONVERSION = YES;
				CLANG_WARN_OBJC_ROOT_CLASS = YES_ERROR;
				CLANG_WARN_RANGE_LOOP_ANALYSIS = YES;
				CLANG_WARN_STRICT_PROTOTYPES = YES;
				CLANG_WARN_SUSPICIOUS_MOVE = YES;
				CLANG_WARN_UNGUARDED_AVAILABILITY = YES_AGGRESSIVE;
				CLANG_WARN_UNREACHABLE_CODE = YES;
				CLANG_WARN__DUPLICATE_METHOD_MATCH = YES;
				CODE_SIGN_IDENTITY = "iPhone Developer";
				COPY_PHASE_STRIP = NO;
				DEBUG_INFORMATION_FORMAT = dwarf;
				ENABLE_STRICT_OBJC_MSGSEND = YES;
				ENABLE_TESTABILITY = YES;
				GCC_C_LANGUAGE_STANDARD = gnu11;
				GCC_DYNAMIC_NO_PIC = NO;
				GCC_NO_COMMON_BLOCKS = YES;
				GCC_OPTIMIZATION_LEVEL = 0;
				GCC_PREPROCESSOR_DEFINITIONS = (
					"DEBUG=1",
					"$(inherited)",
				);
				GCC_WARN_64_TO_32_BIT_CONVERSION = YES;
				GCC_WARN_ABOUT_RETURN_TYPE = YES_ERROR;
				GCC_WARN_UNDECLARED_SELECTOR = YES;
				GCC_WARN_UNINITIALIZED_AUTOS = YES_AGGRESSIVE;
				GCC_WARN_UNUSED_FUNCTION = YES;
				GCC_WARN_UNUSED_VARIABLE = YES;
				IPHONEOS_DEPLOYMENT_TARGET = 11.2;
				MTL_ENABLE_DEBUG_INFO = YES;
				ONLY_ACTIVE_ARCH = YES;
				SDKROOT = iphoneos;
				SWIFT_ACTIVE_COMPILATION_CONDITIONS = DEBUG;
				SWIFT_OPTIMIZATION_LEVEL = "-Onone";
			};
			name = Debug;
		};
		CA66929D203D0B0C000069B5 /* Release */ = {
			isa = XCBuildConfiguration;
			buildSettings = {
				ALWAYS_SEARCH_USER_PATHS = NO;
				CLANG_ANALYZER_NONNULL = YES;
				CLANG_ANALYZER_NUMBER_OBJECT_CONVERSION = YES_AGGRESSIVE;
				CLANG_CXX_LANGUAGE_STANDARD = "gnu++14";
				CLANG_CXX_LIBRARY = "libc++";
				CLANG_ENABLE_MODULES = YES;
				CLANG_ENABLE_OBJC_ARC = YES;
				CLANG_WARN_BLOCK_CAPTURE_AUTORELEASING = YES;
				CLANG_WARN_BOOL_CONVERSION = YES;
				CLANG_WARN_COMMA = YES;
				CLANG_WARN_CONSTANT_CONVERSION = YES;
				CLANG_WARN_DIRECT_OBJC_ISA_USAGE = YES_ERROR;
				CLANG_WARN_DOCUMENTATION_COMMENTS = YES;
				CLANG_WARN_EMPTY_BODY = YES;
				CLANG_WARN_ENUM_CONVERSION = YES;
				CLANG_WARN_INFINITE_RECURSION = YES;
				CLANG_WARN_INT_CONVERSION = YES;
				CLANG_WARN_NON_LITERAL_NULL_CONVERSION = YES;
				CLANG_WARN_OBJC_LITERAL_CONVERSION = YES;
				CLANG_WARN_OBJC_ROOT_CLASS = YES_ERROR;
				CLANG_WARN_RANGE_LOOP_ANALYSIS = YES;
				CLANG_WARN_STRICT_PROTOTYPES = YES;
				CLANG_WARN_SUSPICIOUS_MOVE = YES;
				CLANG_WARN_UNGUARDED_AVAILABILITY = YES_AGGRESSIVE;
				CLANG_WARN_UNREACHABLE_CODE = YES;
				CLANG_WARN__DUPLICATE_METHOD_MATCH = YES;
				CODE_SIGN_IDENTITY = "iPhone Developer";
				COPY_PHASE_STRIP = NO;
				DEBUG_INFORMATION_FORMAT = "dwarf-with-dsym";
				ENABLE_NS_ASSERTIONS = NO;
				ENABLE_STRICT_OBJC_MSGSEND = YES;
				GCC_C_LANGUAGE_STANDARD = gnu11;
				GCC_NO_COMMON_BLOCKS = YES;
				GCC_WARN_64_TO_32_BIT_CONVERSION = YES;
				GCC_WARN_ABOUT_RETURN_TYPE = YES_ERROR;
				GCC_WARN_UNDECLARED_SELECTOR = YES;
				GCC_WARN_UNINITIALIZED_AUTOS = YES_AGGRESSIVE;
				GCC_WARN_UNUSED_FUNCTION = YES;
				GCC_WARN_UNUSED_VARIABLE = YES;
				IPHONEOS_DEPLOYMENT_TARGET = 11.2;
				MTL_ENABLE_DEBUG_INFO = NO;
				SDKROOT = iphoneos;
				SWIFT_OPTIMIZATION_LEVEL = "-Owholemodule";
				VALIDATE_PRODUCT = YES;
			};
			name = Release;
		};
		CA66929F203D0B0C000069B5 /* Debug */ = {
			isa = XCBuildConfiguration;
			baseConfigurationReference = B1E4887A8F885FB46347B3B6 /* Pods-FixedFit.debug.xcconfig */;
			buildSettings = {
				ASSETCATALOG_COMPILER_APPICON_NAME = AppIcon;
				"CODE_SIGN_IDENTITY[sdk=iphoneos*]" = "iPhone Developer";
				CODE_SIGN_STYLE = Automatic;
				DEVELOPMENT_TEAM = WYET37TU46;
				INFOPLIST_FILE = "FixedFit/Supporting Files/Info.plist";
				IPHONEOS_DEPLOYMENT_TARGET = 11.2;
				LD_RUNPATH_SEARCH_PATHS = "$(inherited) @executable_path/Frameworks";
				PRODUCT_BUNDLE_IDENTIFIER = unlv.keteboa.FixedFit;
				PRODUCT_NAME = "$(TARGET_NAME)";
				PROVISIONING_PROFILE = "";
				PROVISIONING_PROFILE_SPECIFIER = "";
				SWIFT_VERSION = 4.0;
				TARGETED_DEVICE_FAMILY = "1,2";
			};
			name = Debug;
		};
		CA6692A0203D0B0C000069B5 /* Release */ = {
			isa = XCBuildConfiguration;
			baseConfigurationReference = 7C2DCC6D9D821E733876CA8D /* Pods-FixedFit.release.xcconfig */;
			buildSettings = {
				ASSETCATALOG_COMPILER_APPICON_NAME = AppIcon;
				"CODE_SIGN_IDENTITY[sdk=iphoneos*]" = "iPhone Developer";
				CODE_SIGN_STYLE = Automatic;
				DEVELOPMENT_TEAM = WYET37TU46;
				INFOPLIST_FILE = "FixedFit/Supporting Files/Info.plist";
				IPHONEOS_DEPLOYMENT_TARGET = 11.2;
				LD_RUNPATH_SEARCH_PATHS = "$(inherited) @executable_path/Frameworks";
				PRODUCT_BUNDLE_IDENTIFIER = unlv.keteboa.FixedFit;
				PRODUCT_NAME = "$(TARGET_NAME)";
				PROVISIONING_PROFILE_SPECIFIER = "";
				SWIFT_VERSION = 4.0;
				TARGETED_DEVICE_FAMILY = "1,2";
			};
			name = Release;
		};
		CA6692A2203D0B0C000069B5 /* Debug */ = {
			isa = XCBuildConfiguration;
			baseConfigurationReference = A255FB8D04BF3676A516BF21 /* Pods-FixedFitTests.debug.xcconfig */;
			buildSettings = {
				ALWAYS_EMBED_SWIFT_STANDARD_LIBRARIES = YES;
				BUNDLE_LOADER = "$(TEST_HOST)";
				CODE_SIGN_STYLE = Automatic;
				DEVELOPMENT_TEAM = 6Z5EK2Z6N5;
				INFOPLIST_FILE = FixedFitTests/Info.plist;
				LD_RUNPATH_SEARCH_PATHS = "$(inherited) @executable_path/Frameworks @loader_path/Frameworks";
				PRODUCT_BUNDLE_IDENTIFIER = edu.unlv.keteboa.FixedFitTests;
				PRODUCT_NAME = "$(TARGET_NAME)";
				SWIFT_VERSION = 4.0;
				TARGETED_DEVICE_FAMILY = "1,2";
				TEST_HOST = "$(BUILT_PRODUCTS_DIR)/FixedFit.app/FixedFit";
			};
			name = Debug;
		};
		CA6692A3203D0B0C000069B5 /* Release */ = {
			isa = XCBuildConfiguration;
			baseConfigurationReference = F28EA6771080022F180D3C4F /* Pods-FixedFitTests.release.xcconfig */;
			buildSettings = {
				ALWAYS_EMBED_SWIFT_STANDARD_LIBRARIES = YES;
				BUNDLE_LOADER = "$(TEST_HOST)";
				CODE_SIGN_STYLE = Automatic;
				DEVELOPMENT_TEAM = 6Z5EK2Z6N5;
				INFOPLIST_FILE = FixedFitTests/Info.plist;
				LD_RUNPATH_SEARCH_PATHS = "$(inherited) @executable_path/Frameworks @loader_path/Frameworks";
				PRODUCT_BUNDLE_IDENTIFIER = edu.unlv.keteboa.FixedFitTests;
				PRODUCT_NAME = "$(TARGET_NAME)";
				SWIFT_VERSION = 4.0;
				TARGETED_DEVICE_FAMILY = "1,2";
				TEST_HOST = "$(BUILT_PRODUCTS_DIR)/FixedFit.app/FixedFit";
			};
			name = Release;
		};
/* End XCBuildConfiguration section */

/* Begin XCConfigurationList section */
		CA669279203D0B0C000069B5 /* Build configuration list for PBXProject "FixedFit" */ = {
			isa = XCConfigurationList;
			buildConfigurations = (
				CA66929C203D0B0C000069B5 /* Debug */,
				CA66929D203D0B0C000069B5 /* Release */,
			);
			defaultConfigurationIsVisible = 0;
			defaultConfigurationName = Release;
		};
		CA66929E203D0B0C000069B5 /* Build configuration list for PBXNativeTarget "FixedFit" */ = {
			isa = XCConfigurationList;
			buildConfigurations = (
				CA66929F203D0B0C000069B5 /* Debug */,
				CA6692A0203D0B0C000069B5 /* Release */,
			);
			defaultConfigurationIsVisible = 0;
			defaultConfigurationName = Release;
		};
		CA6692A1203D0B0C000069B5 /* Build configuration list for PBXNativeTarget "FixedFitTests" */ = {
			isa = XCConfigurationList;
			buildConfigurations = (
				CA6692A2203D0B0C000069B5 /* Debug */,
				CA6692A3203D0B0C000069B5 /* Release */,
			);
			defaultConfigurationIsVisible = 0;
			defaultConfigurationName = Release;
		};
/* End XCConfigurationList section */

/* Begin XCVersionGroup section */
		CA669288203D0B0C000069B5 /* FixedFit.xcdatamodeld */ = {
			isa = XCVersionGroup;
			children = (
				CA669289203D0B0C000069B5 /* FixedFit.xcdatamodel */,
			);
			currentVersion = CA669289203D0B0C000069B5 /* FixedFit.xcdatamodel */;
			path = FixedFit.xcdatamodeld;
			sourceTree = "<group>";
			versionGroupType = wrapper.xcdatamodel;
		};
/* End XCVersionGroup section */
	};
	rootObject = CA669276203D0B0C000069B5 /* Project object */;
}
